
Microsoft Visual Studio Solution File, Format Version 12.00
# Visual Studio Version 16
VisualStudioVersion = 16.0.34114.132
MinimumVisualStudioVersion = 10.0.40219.1
Project("{FAE04EC0-301F-11D3-BF4B-00C04F79EFBC}") = "210601031-odev1-bil201", "WindowsFormsApp3\210601031-odev1-bil201.csproj", "{1A7F0C46-B6D4-4E59-B862-C034F72C1763}"
EndProject
Global
	GlobalSection(SolutionConfigurationPlatforms) = preSolution
		Debug|Any CPU = Debug|Any CPU
		Release|Any CPU = Release|Any CPU
	EndGlobalSection
	GlobalSection(ProjectConfigurationPlatforms) = postSolution
		{1A7F0C46-B6D4-4E59-B862-C034F72C1763}.Debug|Any CPU.ActiveCfg = Debug|Any CPU
		{1A7F0C46-B6D4-4E59-B862-C034F72C1763}.Debug|Any CPU.Build.0 = Debug|Any CPU
		{1A7F0C46-B6D4-4E59-B862-C034F72C1763}.Release|Any CPU.ActiveCfg = Release|Any CPU
		{1A7F0C46-B6D4-4E59-B862-C034F72C1763}.Release|Any CPU.Build.0 = Release|Any CPU
	EndGlobalSection
	GlobalSection(SolutionProperties) = preSolution
		HideSolutionNode = FALSE
	EndGlobalSection
	GlobalSection(ExtensibilityGlobals) = postSolution
		SolutionGuid = {8004D872-5CDB-49B9-9AC7-E6B2113D902E}
	EndGlobalSection
EndGlobal
